
Microsoft Visual Studio Solution File, Format Version 12.00
# Visual Studio Version 16
VisualStudioVersion = 16.0.29709.97
MinimumVisualStudioVersion = 10.0.40219.1
Project("{FAE04EC0-301F-11D3-BF4B-00C04F79EFBC}") = "prakt 9_1", "prakt 9_1.csproj", "{867B72BF-E566-4FD5-A4FE-777959232807}"
EndProject
Global
	GlobalSection(SolutionConfigurationPlatforms) = preSolution
		Debug|Any CPU = Debug|Any CPU
		Release|Any CPU = Release|Any CPU
	EndGlobalSection
	GlobalSection(ProjectConfigurationPlatforms) = postSolution
		{867B72BF-E566-4FD5-A4FE-777959232807}.Debug|Any CPU.ActiveCfg = Debug|Any CPU
		{867B72BF-E566-4FD5-A4FE-777959232807}.Debug|Any CPU.Build.0 = Debug|Any CPU
		{867B72BF-E566-4FD5-A4FE-777959232807}.Release|Any CPU.ActiveCfg = Release|Any CPU
		{867B72BF-E566-4FD5-A4FE-777959232807}.Release|Any CPU.Build.0 = Release|Any CPU
	EndGlobalSection
	GlobalSection(SolutionProperties) = preSolution
		HideSolutionNode = FALSE
	EndGlobalSection
	GlobalSection(ExtensibilityGlobals) = postSolution
		SolutionGuid = {E6271252-D42A-4494-A970-418CEF3C3A6F}
	EndGlobalSection
EndGlobal
